// !$*UTF8*$!
{
	archiveVersion = 1;
	classes = {
	};
	objectVersion = 50;
	objects = {

/* Begin PBXBuildFile section */
		140B1707218E57FA0098131D /* AppDelegate.swift in Sources */ = {isa = PBXBuildFile; fileRef = 140B1706218E57FA0098131D /* AppDelegate.swift */; };
		140B1709218E57FA0098131D /* ViewController.swift in Sources */ = {isa = PBXBuildFile; fileRef = 140B1708218E57FA0098131D /* ViewController.swift */; };
		140B170C218E57FA0098131D /* Main.storyboard in Resources */ = {isa = PBXBuildFile; fileRef = 140B170A218E57FA0098131D /* Main.storyboard */; };
		140B170E218E57FC0098131D /* Assets.xcassets in Resources */ = {isa = PBXBuildFile; fileRef = 140B170D218E57FC0098131D /* Assets.xcassets */; };
		140B1711218E57FC0098131D /* LaunchScreen.storyboard in Resources */ = {isa = PBXBuildFile; fileRef = 140B170F218E57FC0098131D /* LaunchScreen.storyboard */; };
		140B171C218E57FC0098131D /* BusinessCardsTests.swift in Sources */ = {isa = PBXBuildFile; fileRef = 140B171B218E57FC0098131D /* BusinessCardsTests.swift */; };
		140B1727218E57FC0098131D /* BusinessCardsUITests.swift in Sources */ = {isa = PBXBuildFile; fileRef = 140B1726218E57FC0098131D /* BusinessCardsUITests.swift */; };
		140B1735218E60150098131D /* SignUpViewController.swift in Sources */ = {isa = PBXBuildFile; fileRef = 140B1734218E60150098131D /* SignUpViewController.swift */; };
		140B1737218E6C230098131D /* BackButton.png in Resources */ = {isa = PBXBuildFile; fileRef = 140B1736218E6C230098131D /* BackButton.png */; };
		140B1739218E71FE0098131D /* LogInViewController.swift in Sources */ = {isa = PBXBuildFile; fileRef = 140B1738218E71FE0098131D /* LogInViewController.swift */; };
/* End PBXBuildFile section */

/* Begin PBXContainerItemProxy section */
		140B1718218E57FC0098131D /* PBXContainerItemProxy */ = {
			isa = PBXContainerItemProxy;
			containerPortal = 140B16FB218E57FA0098131D /* Project object */;
			proxyType = 1;
			remoteGlobalIDString = 140B1702218E57FA0098131D;
			remoteInfo = BusinessCards;
		};
		140B1723218E57FC0098131D /* PBXContainerItemProxy */ = {
			isa = PBXContainerItemProxy;
			containerPortal = 140B16FB218E57FA0098131D /* Project object */;
			proxyType = 1;
			remoteGlobalIDString = 140B1702218E57FA0098131D;
			remoteInfo = BusinessCards;
		};
/* End PBXContainerItemProxy section */

/* Begin PBXFileReference section */
		140B1703218E57FA0098131D /* BusinessCards.app */ = {isa = PBXFileReference; explicitFileType = wrapper.application; includeInIndex = 0; path = BusinessCards.app; sourceTree = BUILT_PRODUCTS_DIR; };
		140B1706218E57FA0098131D /* AppDelegate.swift */ = {isa = PBXFileReference; lastKnownFileType = sourcecode.swift; path = AppDelegate.swift; sourceTree = "<group>"; };
		140B1708218E57FA0098131D /* ViewController.swift */ = {isa = PBXFileReference; lastKnownFileType = sourcecode.swift; path = ViewController.swift; sourceTree = "<group>"; };
		140B170B218E57FA0098131D /* Base */ = {isa = PBXFileReference; lastKnownFileType = file.storyboard; name = Base; path = Base.lproj/Main.storyboard; sourceTree = "<group>"; };
		140B170D218E57FC0098131D /* Assets.xcassets */ = {isa = PBXFileReference; lastKnownFileType = folder.assetcatalog; path = Assets.xcassets; sourceTree = "<group>"; };
		140B1710218E57FC0098131D /* Base */ = {isa = PBXFileReference; lastKnownFileType = file.storyboard; name = Base; path = Base.lproj/LaunchScreen.storyboard; sourceTree = "<group>"; };
		140B1712218E57FC0098131D /* Info.plist */ = {isa = PBXFileReference; lastKnownFileType = text.plist.xml; path = Info.plist; sourceTree = "<group>"; };
		140B1717218E57FC0098131D /* BusinessCardsTests.xctest */ = {isa = PBXFileReference; explicitFileType = wrapper.cfbundle; includeInIndex = 0; path = BusinessCardsTests.xctest; sourceTree = BUILT_PRODUCTS_DIR; };
		140B171B218E57FC0098131D /* BusinessCardsTests.swift */ = {isa = PBXFileReference; lastKnownFileType = sourcecode.swift; path = BusinessCardsTests.swift; sourceTree = "<group>"; };
		140B171D218E57FC0098131D /* Info.plist */ = {isa = PBXFileReference; lastKnownFileType = text.plist.xml; path = Info.plist; sourceTree = "<group>"; };
		140B1722218E57FC0098131D /* BusinessCardsUITests.xctest */ = {isa = PBXFileReference; explicitFileType = wrapper.cfbundle; includeInIndex = 0; path = BusinessCardsUITests.xctest; sourceTree = BUILT_PRODUCTS_DIR; };
		140B1726218E57FC0098131D /* BusinessCardsUITests.swift */ = {isa = PBXFileReference; lastKnownFileType = sourcecode.swift; path = BusinessCardsUITests.swift; sourceTree = "<group>"; };
		140B1728218E57FC0098131D /* Info.plist */ = {isa = PBXFileReference; lastKnownFileType = text.plist.xml; path = Info.plist; sourceTree = "<group>"; };
		140B1734218E60150098131D /* SignUpViewController.swift */ = {isa = PBXFileReference; lastKnownFileType = sourcecode.swift; path = SignUpViewController.swift; sourceTree = "<group>"; };
		140B1736218E6C230098131D /* BackButton.png */ = {isa = PBXFileReference; lastKnownFileType = image.png; name = BackButton.png; path = ../../../Unibui/BackButton.png; sourceTree = "<group>"; };
		140B1738218E71FE0098131D /* LogInViewController.swift */ = {isa = PBXFileReference; lastKnownFileType = sourcecode.swift; path = LogInViewController.swift; sourceTree = "<group>"; };
/* End PBXFileReference section */

/* Begin PBXFrameworksBuildPhase section */
		140B1700218E57FA0098131D /* Frameworks */ = {
			isa = PBXFrameworksBuildPhase;
			buildActionMask = 2147483647;
			files = (
			);
			runOnlyForDeploymentPostprocessing = 0;
		};
		140B1714218E57FC0098131D /* Frameworks */ = {
			isa = PBXFrameworksBuildPhase;
			buildActionMask = 2147483647;
			files = (
			);
			runOnlyForDeploymentPostprocessing = 0;
		};
		140B171F218E57FC0098131D /* Frameworks */ = {
			isa = PBXFrameworksBuildPhase;
			buildActionMask = 2147483647;
			files = (
			);
			runOnlyForDeploymentPostprocessing = 0;
		};
/* End PBXFrameworksBuildPhase section */

/* Begin PBXGroup section */
		140B16FA218E57FA0098131D = {
			isa = PBXGroup;
			children = (
				140B1705218E57FA0098131D /* BusinessCards */,
				140B171A218E57FC0098131D /* BusinessCardsTests */,
				140B1725218E57FC0098131D /* BusinessCardsUITests */,
				140B1704218E57FA0098131D /* Products */,
			);
			sourceTree = "<group>";
		};
		140B1704218E57FA0098131D /* Products */ = {
			isa = PBXGroup;
			children = (
				140B1703218E57FA0098131D /* BusinessCards.app */,
				140B1717218E57FC0098131D /* BusinessCardsTests.xctest */,
				140B1722218E57FC0098131D /* BusinessCardsUITests.xctest */,
			);
			name = Products;
			sourceTree = "<group>";
		};
		140B1705218E57FA0098131D /* BusinessCards */ = {
			isa = PBXGroup;
			children = (
				140B1706218E57FA0098131D /* AppDelegate.swift */,
				140B1708218E57FA0098131D /* ViewController.swift */,
				140B1734218E60150098131D /* SignUpViewController.swift */,
				140B1738218E71FE0098131D /* LogInViewController.swift */,
				140B1736218E6C230098131D /* BackButton.png */,
				140B170A218E57FA0098131D /* Main.storyboard */,
				140B170D218E57FC0098131D /* Assets.xcassets */,
				140B170F218E57FC0098131D /* LaunchScreen.storyboard */,
				140B1712218E57FC0098131D /* Info.plist */,
			);
			path = BusinessCards;
			sourceTree = "<group>";
		};
		140B171A218E57FC0098131D /* BusinessCardsTests */ = {
			isa = PBXGroup;
			children = (
				140B171B218E57FC0098131D /* BusinessCardsTests.swift */,
				140B171D218E57FC0098131D /* Info.plist */,
			);
			path = BusinessCardsTests;
			sourceTree = "<group>";
		};
		140B1725218E57FC0098131D /* BusinessCardsUITests */ = {
			isa = PBXGroup;
			children = (
				140B1726218E57FC0098131D /* BusinessCardsUITests.swift */,
				140B1728218E57FC0098131D /* Info.plist */,
			);
			path = BusinessCardsUITests;
			sourceTree = "<group>";
		};
/* End PBXGroup section */

/* Begin PBXNativeTarget section */
		140B1702218E57FA0098131D /* BusinessCards */ = {
			isa = PBXNativeTarget;
			buildConfigurationList = 140B172B218E57FC0098131D /* Build configuration list for PBXNativeTarget "BusinessCards" */;
			buildPhases = (
				140B16FF218E57FA0098131D /* Sources */,
				140B1700218E57FA0098131D /* Frameworks */,
				140B1701218E57FA0098131D /* Resources */,
			);
			buildRules = (
			);
			dependencies = (
			);
			name = BusinessCards;
			productName = BusinessCards;
			productReference = 140B1703218E57FA0098131D /* BusinessCards.app */;
			productType = "com.apple.product-type.application";
		};
		140B1716218E57FC0098131D /* BusinessCardsTests */ = {
			isa = PBXNativeTarget;
			buildConfigurationList = 140B172E218E57FC0098131D /* Build configuration list for PBXNativeTarget "BusinessCardsTests" */;
			buildPhases = (
				140B1713218E57FC0098131D /* Sources */,
				140B1714218E57FC0098131D /* Frameworks */,
				140B1715218E57FC0098131D /* Resources */,
			);
			buildRules = (
			);
			dependencies = (
				140B1719218E57FC0098131D /* PBXTargetDependency */,
			);
			name = BusinessCardsTests;
			productName = BusinessCardsTests;
			productReference = 140B1717218E57FC0098131D /* BusinessCardsTests.xctest */;
			productType = "com.apple.product-type.bundle.unit-test";
		};
		140B1721218E57FC0098131D /* BusinessCardsUITests */ = {
			isa = PBXNativeTarget;
			buildConfigurationList = 140B1731218E57FC0098131D /* Build configuration list for PBXNativeTarget "BusinessCardsUITests" */;
			buildPhases = (
				140B171E218E57FC0098131D /* Sources */,
				140B171F218E57FC0098131D /* Frameworks */,
				140B1720218E57FC0098131D /* Resources */,
			);
			buildRules = (
			);
			dependencies = (
				140B1724218E57FC0098131D /* PBXTargetDependency */,
			);
			name = BusinessCardsUITests;
			productName = BusinessCardsUITests;
			productReference = 140B1722218E57FC0098131D /* BusinessCardsUITests.xctest */;
			productType = "com.apple.product-type.bundle.ui-testing";
		};
/* End PBXNativeTarget section */

/* Begin PBXProject section */
		140B16FB218E57FA0098131D /* Project object */ = {
			isa = PBXProject;
			attributes = {
				LastSwiftUpdateCheck = 0940;
				LastUpgradeCheck = 0940;
				ORGANIZATIONNAME = "Geoffrey Wiederecht";
				TargetAttributes = {
					140B1702218E57FA0098131D = {
						CreatedOnToolsVersion = 9.4.1;
					};
					140B1716218E57FC0098131D = {
						CreatedOnToolsVersion = 9.4.1;
						TestTargetID = 140B1702218E57FA0098131D;
					};
					140B1721218E57FC0098131D = {
						CreatedOnToolsVersion = 9.4.1;
						TestTargetID = 140B1702218E57FA0098131D;
					};
				};
			};
			buildConfigurationList = 140B16FE218E57FA0098131D /* Build configuration list for PBXProject "BusinessCards" */;
			compatibilityVersion = "Xcode 9.3";
			developmentRegion = en;
			hasScannedForEncodings = 0;
			knownRegions = (
				en,
				Base,
			);
			mainGroup = 140B16FA218E57FA0098131D;
			productRefGroup = 140B1704218E57FA0098131D /* Products */;
			projectDirPath = "";
			projectRoot = "";
			targets = (
				140B1702218E57FA0098131D /* BusinessCards */,
				140B1716218E57FC0098131D /* BusinessCardsTests */,
				140B1721218E57FC0098131D /* BusinessCardsUITests */,
			);
		};
/* End PBXProject section */

/* Begin PBXResourcesBuildPhase section */
		140B1701218E57FA0098131D /* Resources */ = {
			isa = PBXResourcesBuildPhase;
			buildActionMask = 2147483647;
			files = (
				140B1711218E57FC0098131D /* LaunchScreen.storyboard in Resources */,
				140B170E218E57FC0098131D /* Assets.xcassets in Resources */,
				140B1737218E6C230098131D /* BackButton.png in Resources */,
				140B170C218E57FA0098131D /* Main.storyboard in Resources */,
			);
			runOnlyForDeploymentPostprocessing = 0;
		};
		140B1715218E57FC0098131D /* Resources */ = {
			isa = PBXResourcesBuildPhase;
			buildActionMask = 2147483647;
			files = (
			);
			runOnlyForDeploymentPostprocessing = 0;
		};
		140B1720218E57FC0098131D /* Resources */ = {
			isa = PBXResourcesBuildPhase;
			buildActionMask = 2147483647;
			files = (
			);
			runOnlyForDeploymentPostprocessing = 0;
		};
/* End PBXResourcesBuildPhase section */

/* Begin PBXSourcesBuildPhase section */
		140B16FF218E57FA0098131D /* Sources */ = {
			isa = PBXSourcesBuildPhase;
			buildActionMask = 2147483647;
			files = (
				140B1739218E71FE0098131D /* LogInViewController.swift in Sources */,
				140B1735218E60150098131D /* SignUpViewController.swift in Sources */,
				140B1709218E57FA0098131D /* ViewController.swift in Sources */,
				140B1707218E57FA0098131D /* AppDelegate.swift in Sources */,
			);
			runOnlyForDeploymentPostprocessing = 0;
		};
		140B1713218E57FC0098131D /* Sources */ = {
			isa = PBXSourcesBuildPhase;
			buildActionMask = 2147483647;
			files = (
				140B171C218E57FC0098131D /* BusinessCardsTests.swift in Sources */,
			);
			runOnlyForDeploymentPostprocessing = 0;
		};
		140B171E218E57FC0098131D /* Sources */ = {
			isa = PBXSourcesBuildPhase;
			buildActionMask = 2147483647;
			files = (
				140B1727218E57FC0098131D /* BusinessCardsUITests.swift in Sources */,
			);
			runOnlyForDeploymentPostprocessing = 0;
		};
/* End PBXSourcesBuildPhase section */

/* Begin PBXTargetDependency section */
		140B1719218E57FC0098131D /* PBXTargetDependency */ = {
			isa = PBXTargetDependency;
			target = 140B1702218E57FA0098131D /* BusinessCards */;
			targetProxy = 140B1718218E57FC0098131D /* PBXContainerItemProxy */;
		};
		140B1724218E57FC0098131D /* PBXTargetDependency */ = {
			isa = PBXTargetDependency;
			target = 140B1702218E57FA0098131D /* BusinessCards */;
			targetProxy = 140B1723218E57FC0098131D /* PBXContainerItemProxy */;
		};
/* End PBXTargetDependency section */

/* Begin PBXVariantGroup section */
		140B170A218E57FA0098131D /* Main.storyboard */ = {
			isa = PBXVariantGroup;
			children = (
				140B170B218E57FA0098131D /* Base */,
			);
			name = Main.storyboard;
			sourceTree = "<group>";
		};
		140B170F218E57FC0098131D /* LaunchScreen.storyboard */ = {
			isa = PBXVariantGroup;
			children = (
				140B1710218E57FC0098131D /* Base */,
			);
			name = LaunchScreen.storyboard;
			sourceTree = "<group>";
		};
/* End PBXVariantGroup section */

/* Begin XCBuildConfiguration section */
		140B1729218E57FC0098131D /* Debug */ = {
			isa = XCBuildConfiguration;
			buildSettings = {
				ALWAYS_SEARCH_USER_PATHS = NO;
				CLANG_ANALYZER_NONNULL = YES;
				CLANG_ANALYZER_NUMBER_OBJECT_CONVERSION = YES_AGGRESSIVE;
				CLANG_CXX_LANGUAGE_STANDARD = "gnu++14";
				CLANG_CXX_LIBRARY = "libc++";
				CLANG_ENABLE_MODULES = YES;
				CLANG_ENABLE_OBJC_ARC = YES;
				CLANG_ENABLE_OBJC_WEAK = YES;
				CLANG_WARN_BLOCK_CAPTURE_AUTORELEASING = YES;
				CLANG_WARN_BOOL_CONVERSION = YES;
				CLANG_WARN_COMMA = YES;
				CLANG_WARN_CONSTANT_CONVERSION = YES;
				CLANG_WARN_DEPRECATED_OBJC_IMPLEMENTATIONS = YES;
				CLANG_WARN_DIRECT_OBJC_ISA_USAGE = YES_ERROR;
				CLANG_WARN_DOCUMENTATION_COMMENTS = YES;
				CLANG_WARN_EMPTY_BODY = YES;
				CLANG_WARN_ENUM_CONVERSION = YES;
				CLANG_WARN_INFINITE_RECURSION = YES;
				CLANG_WARN_INT_CONVERSION = YES;
				CLANG_WARN_NON_LITERAL_NULL_CONVERSION = YES;
				CLANG_WARN_OBJC_IMPLICIT_RETAIN_SELF = YES;
				CLANG_WARN_OBJC_LITERAL_CONVERSION = YES;
				CLANG_WARN_OBJC_ROOT_CLASS = YES_ERROR;
				CLANG_WARN_RANGE_LOOP_ANALYSIS = YES;
				CLANG_WARN_STRICT_PROTOTYPES = YES;
				CLANG_WARN_SUSPICIOUS_MOVE = YES;
				CLANG_WARN_UNGUARDED_AVAILABILITY = YES_AGGRESSIVE;
				CLANG_WARN_UNREACHABLE_CODE = YES;
				CLANG_WARN__DUPLICATE_METHOD_MATCH = YES;
				CODE_SIGN_IDENTITY = "iPhone Developer";
				COPY_PHASE_STRIP = NO;
				DEBUG_INFORMATION_FORMAT = dwarf;
				ENABLE_STRICT_OBJC_MSGSEND = YES;
				ENABLE_TESTABILITY = YES;
				GCC_C_LANGUAGE_STANDARD = gnu11;
				GCC_DYNAMIC_NO_PIC = NO;
				GCC_NO_COMMON_BLOCKS = YES;
				GCC_OPTIMIZATION_LEVEL = 0;
				GCC_PREPROCESSOR_DEFINITIONS = (
					"DEBUG=1",
					"$(inherited)",
				);
				GCC_WARN_64_TO_32_BIT_CONVERSION = YES;
				GCC_WARN_ABOUT_RETURN_TYPE = YES_ERROR;
				GCC_WARN_UNDECLARED_SELECTOR = YES;
				GCC_WARN_UNINITIALIZED_AUTOS = YES_AGGRESSIVE;
				GCC_WARN_UNUSED_FUNCTION = YES;
				GCC_WARN_UNUSED_VARIABLE = YES;
				IPHONEOS_DEPLOYMENT_TARGET = 11.4;
				MTL_ENABLE_DEBUG_INFO = YES;
				ONLY_ACTIVE_ARCH = YES;
				SDKROOT = iphoneos;
				SWIFT_ACTIVE_COMPILATION_CONDITIONS = DEBUG;
				SWIFT_OPTIMIZATION_LEVEL = "-Onone";
			};
			name = Debug;
		};
		140B172A218E57FC0098131D /* Release */ = {
			isa = XCBuildConfiguration;
			buildSettings = {
				ALWAYS_SEARCH_USER_PATHS = NO;
				CLANG_ANALYZER_NONNULL = YES;
				CLANG_ANALYZER_NUMBER_OBJECT_CONVERSION = YES_AGGRESSIVE;
				CLANG_CXX_LANGUAGE_STANDARD = "gnu++14";
				CLANG_CXX_LIBRARY = "libc++";
				CLANG_ENABLE_MODULES = YES;
				CLANG_ENABLE_OBJC_ARC = YES;
				CLANG_ENABLE_OBJC_WEAK = YES;
				CLANG_WARN_BLOCK_CAPTURE_AUTORELEASING = YES;
				CLANG_WARN_BOOL_CONVERSION = YES;
				CLANG_WARN_COMMA = YES;
				CLANG_WARN_CONSTANT_CONVERSION = YES;
				CLANG_WARN_DEPRECATED_OBJC_IMPLEMENTATIONS = YES;
				CLANG_WARN_DIRECT_OBJC_ISA_USAGE = YES_ERROR;
				CLANG_WARN_DOCUMENTATION_COMMENTS = YES;
				CLANG_WARN_EMPTY_BODY = YES;
				CLANG_WARN_ENUM_CONVERSION = YES;
				CLANG_WARN_INFINITE_RECURSION = YES;
				CLANG_WARN_INT_CONVERSION = YES;
				CLANG_WARN_NON_LITERAL_NULL_CONVERSION = YES;
				CLANG_WARN_OBJC_IMPLICIT_RETAIN_SELF = YES;
				CLANG_WARN_OBJC_LITERAL_CONVERSION = YES;
				CLANG_WARN_OBJC_ROOT_CLASS = YES_ERROR;
				CLANG_WARN_RANGE_LOOP_ANALYSIS = YES;
				CLANG_WARN_STRICT_PROTOTYPES = YES;
				CLANG_WARN_SUSPICIOUS_MOVE = YES;
				CLANG_WARN_UNGUARDED_AVAILABILITY = YES_AGGRESSIVE;
				CLANG_WARN_UNREACHABLE_CODE = YES;
				CLANG_WARN__DUPLICATE_METHOD_MATCH = YES;
				CODE_SIGN_IDENTITY = "iPhone Developer";
				COPY_PHASE_STRIP = NO;
				DEBUG_INFORMATION_FORMAT = "dwarf-with-dsym";
				ENABLE_NS_ASSERTIONS = NO;
				ENABLE_STRICT_OBJC_MSGSEND = YES;
				GCC_C_LANGUAGE_STANDARD = gnu11;
				GCC_NO_COMMON_BLOCKS = YES;
				GCC_WARN_64_TO_32_BIT_CONVERSION = YES;
				GCC_WARN_ABOUT_RETURN_TYPE = YES_ERROR;
				GCC_WARN_UNDECLARED_SELECTOR = YES;
				GCC_WARN_UNINITIALIZED_AUTOS = YES_AGGRESSIVE;
				GCC_WARN_UNUSED_FUNCTION = YES;
				GCC_WARN_UNUSED_VARIABLE = YES;
				IPHONEOS_DEPLOYMENT_TARGET = 11.4;
				MTL_ENABLE_DEBUG_INFO = NO;
				SDKROOT = iphoneos;
				SWIFT_COMPILATION_MODE = wholemodule;
				SWIFT_OPTIMIZATION_LEVEL = "-O";
				VALIDATE_PRODUCT = YES;
			};
			name = Release;
		};
		140B172C218E57FC0098131D /* Debug */ = {
			isa = XCBuildConfiguration;
			buildSettings = {
				ASSETCATALOG_COMPILER_APPICON_NAME = AppIcon;
				CODE_SIGN_STYLE = Automatic;
				INFOPLIST_FILE = BusinessCards/Info.plist;
				LD_RUNPATH_SEARCH_PATHS = (
					"$(inherited)",
					"@executable_path/Frameworks",
				);
				PRODUCT_BUNDLE_IDENTIFIER = com.geoffrey.BusinessCards;
				PRODUCT_NAME = "$(TARGET_NAME)";
				SWIFT_VERSION = 4.0;
				TARGETED_DEVICE_FAMILY = "1,2";
			};
			name = Debug;
		};
		140B172D218E57FC0098131D /* Release */ = {
			isa = XCBuildConfiguration;
			buildSettings = {
				ASSETCATALOG_COMPILER_APPICON_NAME = AppIcon;
				CODE_SIGN_STYLE = Automatic;
				INFOPLIST_FILE = BusinessCards/Info.plist;
				LD_RUNPATH_SEARCH_PATHS = (
					"$(inherited)",
					"@executable_path/Frameworks",
				);
				PRODUCT_BUNDLE_IDENTIFIER = com.geoffrey.BusinessCards;
				PRODUCT_NAME = "$(TARGET_NAME)";
				SWIFT_VERSION = 4.0;
				TARGETED_DEVICE_FAMILY = "1,2";
			};
			name = Release;
		};
		140B172F218E57FC0098131D /* Debug */ = {
			isa = XCBuildConfiguration;
			buildSettings = {
				ALWAYS_EMBED_SWIFT_STANDARD_LIBRARIES = YES;
				BUNDLE_LOADER = "$(TEST_HOST)";
				CODE_SIGN_STYLE = Automatic;
				INFOPLIST_FILE = BusinessCardsTests/Info.plist;
				LD_RUNPATH_SEARCH_PATHS = (
					"$(inherited)",
					"@executable_path/Frameworks",
					"@loader_path/Frameworks",
				);
				PRODUCT_BUNDLE_IDENTIFIER = com.geoffrey.BusinessCardsTests;
				PRODUCT_NAME = "$(TARGET_NAME)";
				SWIFT_VERSION = 4.0;
				TARGETED_DEVICE_FAMILY = "1,2";
				TEST_HOST = "$(BUILT_PRODUCTS_DIR)/BusinessCards.app/BusinessCards";
			};
			name = Debug;
		};
		140B1730218E57FC0098131D /* Release */ = {
			isa = XCBuildConfiguration;
			buildSettings = {
				ALWAYS_EMBED_SWIFT_STANDARD_LIBRARIES = YES;
				BUNDLE_LOADER = "$(TEST_HOST)";
				CODE_SIGN_STYLE = Automatic;
				INFOPLIST_FILE = BusinessCardsTests/Info.plist;
				LD_RUNPATH_SEARCH_PATHS = (
					"$(inherited)",
					"@executable_path/Frameworks",
					"@loader_path/Frameworks",
				);
				PRODUCT_BUNDLE_IDENTIFIER = com.geoffrey.BusinessCardsTests;
				PRODUCT_NAME = "$(TARGET_NAME)";
				SWIFT_VERSION = 4.0;
				TARGETED_DEVICE_FAMILY = "1,2";
				TEST_HOST = "$(BUILT_PRODUCTS_DIR)/BusinessCards.app/BusinessCards";
			};
			name = Release;
		};
		140B1732218E57FC0098131D /* Debug */ = {
			isa = XCBuildConfiguration;
			buildSettings = {
				ALWAYS_EMBED_SWIFT_STANDARD_LIBRARIES = YES;
				CODE_SIGN_STYLE = Automatic;
				INFOPLIST_FILE = BusinessCardsUITests/Info.plist;
				LD_RUNPATH_SEARCH_PATHS = (
					"$(inherited)",
					"@executable_path/Frameworks",
					"@loader_path/Frameworks",
				);
				PRODUCT_BUNDLE_IDENTIFIER = com.geoffrey.BusinessCardsUITests;
				PRODUCT_NAME = "$(TARGET_NAME)";
				SWIFT_VERSION = 4.0;
				TARGETED_DEVICE_FAMILY = "1,2";
				TEST_TARGET_NAME = BusinessCards;
			};
			name = Debug;
		};
		140B1733218E57FC0098131D /* Release */ = {
			isa = XCBuildConfiguration;
			buildSettings = {
				ALWAYS_EMBED_SWIFT_STANDARD_LIBRARIES = YES;
				CODE_SIGN_STYLE = Automatic;
				INFOPLIST_FILE = BusinessCardsUITests/Info.plist;
				LD_RUNPATH_SEARCH_PATHS = (
					"$(inherited)",
					"@executable_path/Frameworks",
					"@loader_path/Frameworks",
				);
				PRODUCT_BUNDLE_IDENTIFIER = com.geoffrey.BusinessCardsUITests;
				PRODUCT_NAME = "$(TARGET_NAME)";
				SWIFT_VERSION = 4.0;
				TARGETED_DEVICE_FAMILY = "1,2";
				TEST_TARGET_NAME = BusinessCards;
			};
			name = Release;
		};
/* End XCBuildConfiguration section */

/* Begin XCConfigurationList section */
		140B16FE218E57FA0098131D /* Build configuration list for PBXProject "BusinessCards" */ = {
			isa = XCConfigurationList;
			buildConfigurations = (
				140B1729218E57FC0098131D /* Debug */,
				140B172A218E57FC0098131D /* Release */,
			);
			defaultConfigurationIsVisible = 0;
			defaultConfigurationName = Release;
		};
		140B172B218E57FC0098131D /* Build configuration list for PBXNativeTarget "BusinessCards" */ = {
			isa = XCConfigurationList;
			buildConfigurations = (
				140B172C218E57FC0098131D /* Debug */,
				140B172D218E57FC0098131D /* Release */,
			);
			defaultConfigurationIsVisible = 0;
			defaultConfigurationName = Release;
		};
		140B172E218E57FC0098131D /* Build configuration list for PBXNativeTarget "BusinessCardsTests" */ = {
			isa = XCConfigurationList;
			buildConfigurations = (
				140B172F218E57FC0098131D /* Debug */,
				140B1730218E57FC0098131D /* Release */,
			);
			defaultConfigurationIsVisible = 0;
			defaultConfigurationName = Release;
		};
		140B1731218E57FC0098131D /* Build configuration list for PBXNativeTarget "BusinessCardsUITests" */ = {
			isa = XCConfigurationList;
			buildConfigurations = (
				140B1732218E57FC0098131D /* Debug */,
				140B1733218E57FC0098131D /* Release */,
			);
			defaultConfigurationIsVisible = 0;
			defaultConfigurationName = Release;
		};
/* End XCConfigurationList section */
	};
	rootObject = 140B16FB218E57FA0098131D /* Project object */;
}
